
Microsoft Visual Studio Solution File, Format Version 12.00
# Visual Studio Version 17
VisualStudioVersion = 17.14.36705.20
MinimumVisualStudioVersion = 10.0.40219.1
Project("{FAE04EC0-301F-11D3-BF4B-00C04F79EFBC}") = "FacturacionVERIFACTU.API", "FacturacionVERIFACTU.API\FacturacionVERIFACTU.API.csproj", "{8C6C5663-9E6D-4711-8B13-761B52B42479}"
EndProject
Project("{FAE04EC0-301F-11D3-BF4B-00C04F79EFBC}") = "FacturacionVERIFACTU.MAUI", "FacturacionVERIFACTU.MAUI\FacturacionVERIFACTU.MAUI.csproj", "{99DF96FA-0918-4626-8FD1-2BBFAB41ED76}"
EndProject
Project("{FAE04EC0-301F-11D3-BF4B-00C04F79EFBC}") = "FacturacionVERIFACTU.Shared", "FacturacionVERIFACTU.Shared\FacturacionVERIFACTU.Shared.csproj", "{5C487C35-5878-47A8-BD1F-542BB2EFB04C}"
EndProject
Project("{FAE04EC0-301F-11D3-BF4B-00C04F79EFBC}") = "FacturacionVERIFACTU.Test", "FacturacionVERIFACTU.Test\FacturacionVERIFACTU.Test.csproj", "{6FB2AE94-B453-499C-A318-D0A5C5CECFD6}"
EndProject
Project("{FAE04EC0-301F-11D3-BF4B-00C04F79EFBC}") = "FacturacionVERIFACTU.Web", "FacturacionVERIFACTU.Web\FacturacionVERIFACTU.Web.csproj", "{81D9120F-35B6-4BBB-BF01-800AE63D31CD}"
EndProject
Global
	GlobalSection(SolutionConfigurationPlatforms) = preSolution
		Debug|Any CPU = Debug|Any CPU
		Release|Any CPU = Release|Any CPU
	EndGlobalSection
	GlobalSection(ProjectConfigurationPlatforms) = postSolution
		{8C6C5663-9E6D-4711-8B13-761B52B42479}.Debug|Any CPU.ActiveCfg = Debug|Any CPU
		{8C6C5663-9E6D-4711-8B13-761B52B42479}.Debug|Any CPU.Build.0 = Debug|Any CPU
		{8C6C5663-9E6D-4711-8B13-761B52B42479}.Release|Any CPU.ActiveCfg = Release|Any CPU
		{8C6C5663-9E6D-4711-8B13-761B52B42479}.Release|Any CPU.Build.0 = Release|Any CPU
		{99DF96FA-0918-4626-8FD1-2BBFAB41ED76}.Debug|Any CPU.ActiveCfg = Debug|Any CPU
		{99DF96FA-0918-4626-8FD1-2BBFAB41ED76}.Debug|Any CPU.Build.0 = Debug|Any CPU
		{99DF96FA-0918-4626-8FD1-2BBFAB41ED76}.Debug|Any CPU.Deploy.0 = Debug|Any CPU
		{99DF96FA-0918-4626-8FD1-2BBFAB41ED76}.Release|Any CPU.ActiveCfg = Release|Any CPU
		{99DF96FA-0918-4626-8FD1-2BBFAB41ED76}.Release|Any CPU.Build.0 = Release|Any CPU
		{99DF96FA-0918-4626-8FD1-2BBFAB41ED76}.Release|Any CPU.Deploy.0 = Release|Any CPU
		{5C487C35-5878-47A8-BD1F-542BB2EFB04C}.Debug|Any CPU.ActiveCfg = Debug|Any CPU
		{5C487C35-5878-47A8-BD1F-542BB2EFB04C}.Debug|Any CPU.Build.0 = Debug|Any CPU
		{5C487C35-5878-47A8-BD1F-542BB2EFB04C}.Release|Any CPU.ActiveCfg = Release|Any CPU
		{5C487C35-5878-47A8-BD1F-542BB2EFB04C}.Release|Any CPU.Build.0 = Release|Any CPU
		{6FB2AE94-B453-499C-A318-D0A5C5CECFD6}.Debug|Any CPU.ActiveCfg = Debug|Any CPU
		{6FB2AE94-B453-499C-A318-D0A5C5CECFD6}.Debug|Any CPU.Build.0 = Debug|Any CPU
		{6FB2AE94-B453-499C-A318-D0A5C5CECFD6}.Release|Any CPU.ActiveCfg = Release|Any CPU
		{6FB2AE94-B453-499C-A318-D0A5C5CECFD6}.Release|Any CPU.Build.0 = Release|Any CPU
		{81D9120F-35B6-4BBB-BF01-800AE63D31CD}.Debug|Any CPU.ActiveCfg = Debug|Any CPU
		{81D9120F-35B6-4BBB-BF01-800AE63D31CD}.Debug|Any CPU.Build.0 = Debug|Any CPU
		{81D9120F-35B6-4BBB-BF01-800AE63D31CD}.Release|Any CPU.ActiveCfg = Release|Any CPU
		{81D9120F-35B6-4BBB-BF01-800AE63D31CD}.Release|Any CPU.Build.0 = Release|Any CPU
	EndGlobalSection
	GlobalSection(SolutionProperties) = preSolution
		HideSolutionNode = FALSE
	EndGlobalSection
	GlobalSection(ExtensibilityGlobals) = postSolution
		SolutionGuid = {FBBE3D6F-8142-4FDF-B255-7A91E4844E82}
	EndGlobalSection
EndGlobal
